
Microsoft Visual Studio Solution File, Format Version 12.00
Project("{FAE04EC0-301F-11D3-BF4B-00C04F79EFBC}") = "HighLowArtist.Data", "HighLowArtist.Data\HighLowArtist.Data.csproj", "{38ADCEA8-0842-47BC-9F9C-F0787C733402}"
EndProject
Project("{FAE04EC0-301F-11D3-BF4B-00C04F79EFBC}") = "HighLowArtist.Services", "HighLowArtist.Services\HighLowArtist.Services.csproj", "{3521349E-2E3B-4A8D-8D3A-052ECB9DA6CA}"
EndProject
Project("{FAE04EC0-301F-11D3-BF4B-00C04F79EFBC}") = "HighLowArtist.Test", "HighLowArtist.Test\HighLowArtist.Test.csproj", "{FF5F7CF1-5212-40F2-B0B0-1FFB40D06137}"
EndProject
Project("{FAE04EC0-301F-11D3-BF4B-00C04F79EFBC}") = "HighLowArtist.WebApi", "HighLowArtist.WebApi\HighLowArtist.WebApi.csproj", "{CDA05766-612A-4E1B-A785-66351D2D5493}"
EndProject
Global
	GlobalSection(SolutionConfigurationPlatforms) = preSolution
		Debug|Any CPU = Debug|Any CPU
		Release|Any CPU = Release|Any CPU
	EndGlobalSection
	GlobalSection(ProjectConfigurationPlatforms) = postSolution
		{38ADCEA8-0842-47BC-9F9C-F0787C733402}.Debug|Any CPU.ActiveCfg = Debug|Any CPU
		{38ADCEA8-0842-47BC-9F9C-F0787C733402}.Debug|Any CPU.Build.0 = Debug|Any CPU
		{38ADCEA8-0842-47BC-9F9C-F0787C733402}.Release|Any CPU.ActiveCfg = Release|Any CPU
		{38ADCEA8-0842-47BC-9F9C-F0787C733402}.Release|Any CPU.Build.0 = Release|Any CPU
		{3521349E-2E3B-4A8D-8D3A-052ECB9DA6CA}.Debug|Any CPU.ActiveCfg = Debug|Any CPU
		{3521349E-2E3B-4A8D-8D3A-052ECB9DA6CA}.Debug|Any CPU.Build.0 = Debug|Any CPU
		{3521349E-2E3B-4A8D-8D3A-052ECB9DA6CA}.Release|Any CPU.ActiveCfg = Release|Any CPU
		{3521349E-2E3B-4A8D-8D3A-052ECB9DA6CA}.Release|Any CPU.Build.0 = Release|Any CPU
		{FF5F7CF1-5212-40F2-B0B0-1FFB40D06137}.Debug|Any CPU.ActiveCfg = Debug|Any CPU
		{FF5F7CF1-5212-40F2-B0B0-1FFB40D06137}.Debug|Any CPU.Build.0 = Debug|Any CPU
		{FF5F7CF1-5212-40F2-B0B0-1FFB40D06137}.Release|Any CPU.ActiveCfg = Release|Any CPU
		{FF5F7CF1-5212-40F2-B0B0-1FFB40D06137}.Release|Any CPU.Build.0 = Release|Any CPU
		{CDA05766-612A-4E1B-A785-66351D2D5493}.Debug|Any CPU.ActiveCfg = Debug|Any CPU
		{CDA05766-612A-4E1B-A785-66351D2D5493}.Debug|Any CPU.Build.0 = Debug|Any CPU
		{CDA05766-612A-4E1B-A785-66351D2D5493}.Release|Any CPU.ActiveCfg = Release|Any CPU
		{CDA05766-612A-4E1B-A785-66351D2D5493}.Release|Any CPU.Build.0 = Release|Any CPU
	EndGlobalSection
EndGlobal
